
Microsoft Visual Studio Solution File, Format Version 12.00
# Visual Studio Version 16
VisualStudioVersion = 16.0.29123.88
MinimumVisualStudioVersion = 10.0.40219.1
Project("{FAE04EC0-301F-11D3-BF4B-00C04F79EFBC}") = "Exercism", "Exercism\Exercism.csproj", "{17DEBCB5-80F5-441B-99D5-8271A024A811}"
EndProject
Global
	GlobalSection(SolutionConfigurationPlatforms) = preSolution
		Debug|Any CPU = Debug|Any CPU
		Release|Any CPU = Release|Any CPU
	EndGlobalSection
	GlobalSection(ProjectConfigurationPlatforms) = postSolution
		{17DEBCB5-80F5-441B-99D5-8271A024A811}.Debug|Any CPU.ActiveCfg = Debug|Any CPU
		{17DEBCB5-80F5-441B-99D5-8271A024A811}.Debug|Any CPU.Build.0 = Debug|Any CPU
		{17DEBCB5-80F5-441B-99D5-8271A024A811}.Release|Any CPU.ActiveCfg = Release|Any CPU
		{17DEBCB5-80F5-441B-99D5-8271A024A811}.Release|Any CPU.Build.0 = Release|Any CPU
	EndGlobalSection
	GlobalSection(SolutionProperties) = preSolution
		HideSolutionNode = FALSE
	EndGlobalSection
	GlobalSection(ExtensibilityGlobals) = postSolution
		SolutionGuid = {D47E98C6-20A1-405A-8027-45462C607379}
	EndGlobalSection
EndGlobal
