
Microsoft Visual Studio Solution File, Format Version 12.00
# Visual Studio Version 16
VisualStudioVersion = 16.0.29123.88
MinimumVisualStudioVersion = 10.0.40219.1
Project("{6EC3EE1D-3C4E-46DD-8F32-0CC8E7565705}") = "QueenAttack", "QueenAttack.fsproj", "{E409C91A-81B6-4E35-8867-CD5ED2F20083}"
EndProject
Global
	GlobalSection(SolutionConfigurationPlatforms) = preSolution
		Debug|Any CPU = Debug|Any CPU
		Release|Any CPU = Release|Any CPU
	EndGlobalSection
	GlobalSection(ProjectConfigurationPlatforms) = postSolution
		{E409C91A-81B6-4E35-8867-CD5ED2F20083}.Debug|Any CPU.ActiveCfg = Debug|Any CPU
		{E409C91A-81B6-4E35-8867-CD5ED2F20083}.Debug|Any CPU.Build.0 = Debug|Any CPU
		{E409C91A-81B6-4E35-8867-CD5ED2F20083}.Release|Any CPU.ActiveCfg = Release|Any CPU
		{E409C91A-81B6-4E35-8867-CD5ED2F20083}.Release|Any CPU.Build.0 = Release|Any CPU
	EndGlobalSection
	GlobalSection(SolutionProperties) = preSolution
		HideSolutionNode = FALSE
	EndGlobalSection
	GlobalSection(ExtensibilityGlobals) = postSolution
		SolutionGuid = {A337D81A-C3FD-445D-ACB3-0496D7CF859B}
	EndGlobalSection
EndGlobal
